// !$*UTF8*$!
{
	archiveVersion = 1;
	classes = {
	};
	objectVersion = 50;
	objects = {

/* Begin PBXBuildFile section */
		0FEB29D7B7C43D3A15F5C6AB /* Pods_Sleek.framework in Frameworks */ = {isa = PBXBuildFile; fileRef = 4F2945BF84476A8B682003B1 /* Pods_Sleek.framework */; };
		2B109CE5228F876100E89AB5 /* ChannelCell.swift in Sources */ = {isa = PBXBuildFile; fileRef = 2B109CE4228F876100E89AB5 /* ChannelCell.swift */; };
		45084DAC2217043300196D4B /* SWRevealViewController.m in Sources */ = {isa = PBXBuildFile; fileRef = 45084DAA2217043300196D4B /* SWRevealViewController.m */; };
		45084DB1221723F000196D4B /* ChatVC.swift in Sources */ = {isa = PBXBuildFile; fileRef = 45084DB0221723F000196D4B /* ChatVC.swift */; };
		45084DB32217249D00196D4B /* ChannelVC.swift in Sources */ = {isa = PBXBuildFile; fileRef = 45084DB22217249D00196D4B /* ChannelVC.swift */; };
		4535C0EC2217FA0300DDC5EE /* BGGradient.swift in Sources */ = {isa = PBXBuildFile; fileRef = 4535C0EB2217FA0300DDC5EE /* BGGradient.swift */; };
		4542E2D2221C04D8007A0FBB /* LoginVC.swift in Sources */ = {isa = PBXBuildFile; fileRef = 4542E2D1221C04D8007A0FBB /* LoginVC.swift */; };
		4542E2D4221C109D007A0FBB /* CreateAccountVC.swift in Sources */ = {isa = PBXBuildFile; fileRef = 4542E2D3221C109D007A0FBB /* CreateAccountVC.swift */; };
		454817D1222AA7BD006C200B /* UserDataServices.swift in Sources */ = {isa = PBXBuildFile; fileRef = 454817D0222AA7BD006C200B /* UserDataServices.swift */; };
		4554F131221572BD0042AEE7 /* AppDelegate.swift in Sources */ = {isa = PBXBuildFile; fileRef = 4554F130221572BD0042AEE7 /* AppDelegate.swift */; };
		4554F136221572BD0042AEE7 /* Main.storyboard in Resources */ = {isa = PBXBuildFile; fileRef = 4554F134221572BD0042AEE7 /* Main.storyboard */; };
		4554F13B221572BD0042AEE7 /* LaunchScreen.storyboard in Resources */ = {isa = PBXBuildFile; fileRef = 4554F139221572BD0042AEE7 /* LaunchScreen.storyboard */; };
		4567C7C42243D75D00C25603 /* RoundImg.swift in Sources */ = {isa = PBXBuildFile; fileRef = 4567C7C32243D75D00C25603 /* RoundImg.swift */; };
		45B5BBB2221B7DA0007EA430 /* Contants.swift in Sources */ = {isa = PBXBuildFile; fileRef = 45B5BBB1221B7DA0007EA430 /* Contants.swift */; };
		45D964C32220622200F4B62A /* AuthService.swift in Sources */ = {isa = PBXBuildFile; fileRef = 45D964C22220622200F4B62A /* AuthService.swift */; };
		45E88DD7222BC4A600EA230B /* AvatarPickerVC.swift in Sources */ = {isa = PBXBuildFile; fileRef = 45E88DD6222BC4A600EA230B /* AvatarPickerVC.swift */; };
		45E88DD9222BD9B200EA230B /* AvatarCell.swift in Sources */ = {isa = PBXBuildFile; fileRef = 45E88DD8222BD9B200EA230B /* AvatarCell.swift */; };
		9FE3A14B22BED003008B5998 /* AddChannelVC.swift in Sources */ = {isa = PBXBuildFile; fileRef = 9FE3A14922BED003008B5998 /* AddChannelVC.swift */; };
		9FE3A14C22BED003008B5998 /* AddChannelVC.xib in Resources */ = {isa = PBXBuildFile; fileRef = 9FE3A14A22BED003008B5998 /* AddChannelVC.xib */; };
		9FE3A14E22C18908008B5998 /* SocketServices.swift in Sources */ = {isa = PBXBuildFile; fileRef = 9FE3A14D22C18907008B5998 /* SocketServices.swift */; };
		9FF188D12322DC5B006BC73C /* Message.swift in Sources */ = {isa = PBXBuildFile; fileRef = 9FF188D02322DC5B006BC73C /* Message.swift */; };
		9FF188D32323186B006BC73C /* Assets.xcassets in Resources */ = {isa = PBXBuildFile; fileRef = 9FF188D22323186B006BC73C /* Assets.xcassets */; };
		9FF188D523231D7E006BC73C /* KeyboardBoundView.swift in Sources */ = {isa = PBXBuildFile; fileRef = 9FF188D423231D7E006BC73C /* KeyboardBoundView.swift */; };
		CA04242F2256221F0011298B /* ProfileVC.swift in Sources */ = {isa = PBXBuildFile; fileRef = CA04242D2256221F0011298B /* ProfileVC.swift */; };
		CA0424302256221F0011298B /* ProfileVC.xib in Resources */ = {isa = PBXBuildFile; fileRef = CA04242E2256221F0011298B /* ProfileVC.xib */; };
		CA57BCED22851E800053D6A9 /* Channel.swift in Sources */ = {isa = PBXBuildFile; fileRef = CA57BCEC22851E800053D6A9 /* Channel.swift */; };
		CA57BCEF2285208C0053D6A9 /* MsgServices.swift in Sources */ = {isa = PBXBuildFile; fileRef = CA57BCEE2285208C0053D6A9 /* MsgServices.swift */; };
/* End PBXBuildFile section */

/* Begin PBXFileReference section */
		2B109CE4228F876100E89AB5 /* ChannelCell.swift */ = {isa = PBXFileReference; lastKnownFileType = sourcecode.swift; path = ChannelCell.swift; sourceTree = "<group>"; };
		45084DA92217043200196D4B /* Sleek-Bridging-Header.h */ = {isa = PBXFileReference; lastKnownFileType = sourcecode.c.h; path = "Sleek-Bridging-Header.h"; sourceTree = "<group>"; };
		45084DAA2217043300196D4B /* SWRevealViewController.m */ = {isa = PBXFileReference; fileEncoding = 4; lastKnownFileType = sourcecode.c.objc; path = SWRevealViewController.m; sourceTree = "<group>"; };
		45084DAB2217043300196D4B /* SWRevealViewController.h */ = {isa = PBXFileReference; fileEncoding = 4; lastKnownFileType = sourcecode.c.h; path = SWRevealViewController.h; sourceTree = "<group>"; };
		45084DB0221723F000196D4B /* ChatVC.swift */ = {isa = PBXFileReference; lastKnownFileType = sourcecode.swift; path = ChatVC.swift; sourceTree = "<group>"; };
		45084DB22217249D00196D4B /* ChannelVC.swift */ = {isa = PBXFileReference; lastKnownFileType = sourcecode.swift; path = ChannelVC.swift; sourceTree = "<group>"; };
		4535C0EB2217FA0300DDC5EE /* BGGradient.swift */ = {isa = PBXFileReference; lastKnownFileType = sourcecode.swift; path = BGGradient.swift; sourceTree = "<group>"; };
		4542E2D1221C04D8007A0FBB /* LoginVC.swift */ = {isa = PBXFileReference; lastKnownFileType = sourcecode.swift; path = LoginVC.swift; sourceTree = "<group>"; };
		4542E2D3221C109D007A0FBB /* CreateAccountVC.swift */ = {isa = PBXFileReference; lastKnownFileType = sourcecode.swift; path = CreateAccountVC.swift; sourceTree = "<group>"; };
		454817D0222AA7BD006C200B /* UserDataServices.swift */ = {isa = PBXFileReference; lastKnownFileType = sourcecode.swift; path = UserDataServices.swift; sourceTree = "<group>"; };
		4554F12D221572BD0042AEE7 /* Sleek.app */ = {isa = PBXFileReference; explicitFileType = wrapper.application; includeInIndex = 0; path = Sleek.app; sourceTree = BUILT_PRODUCTS_DIR; };
		4554F130221572BD0042AEE7 /* AppDelegate.swift */ = {isa = PBXFileReference; lastKnownFileType = sourcecode.swift; path = AppDelegate.swift; sourceTree = "<group>"; };
		4554F135221572BD0042AEE7 /* Base */ = {isa = PBXFileReference; lastKnownFileType = file.storyboard; name = Base; path = Base.lproj/Main.storyboard; sourceTree = "<group>"; };
		4554F13A221572BD0042AEE7 /* Base */ = {isa = PBXFileReference; lastKnownFileType = file.storyboard; name = Base; path = Base.lproj/LaunchScreen.storyboard; sourceTree = "<group>"; };
		4554F13C221572BD0042AEE7 /* Info.plist */ = {isa = PBXFileReference; lastKnownFileType = text.plist.xml; path = Info.plist; sourceTree = "<group>"; };
		4567C7C32243D75D00C25603 /* RoundImg.swift */ = {isa = PBXFileReference; lastKnownFileType = sourcecode.swift; path = RoundImg.swift; sourceTree = "<group>"; };
		45B5BBB1221B7DA0007EA430 /* Contants.swift */ = {isa = PBXFileReference; lastKnownFileType = sourcecode.swift; path = Contants.swift; sourceTree = "<group>"; };
		45D964C22220622200F4B62A /* AuthService.swift */ = {isa = PBXFileReference; lastKnownFileType = sourcecode.swift; path = AuthService.swift; sourceTree = "<group>"; };
		45E88DD6222BC4A600EA230B /* AvatarPickerVC.swift */ = {isa = PBXFileReference; lastKnownFileType = sourcecode.swift; path = AvatarPickerVC.swift; sourceTree = "<group>"; };
		45E88DD8222BD9B200EA230B /* AvatarCell.swift */ = {isa = PBXFileReference; lastKnownFileType = sourcecode.swift; path = AvatarCell.swift; sourceTree = "<group>"; };
		4F2945BF84476A8B682003B1 /* Pods_Sleek.framework */ = {isa = PBXFileReference; explicitFileType = wrapper.framework; includeInIndex = 0; path = Pods_Sleek.framework; sourceTree = BUILT_PRODUCTS_DIR; };
		9FC43CAB8E0737B63C3BB8BA /* Pods-Sleek.debug.xcconfig */ = {isa = PBXFileReference; includeInIndex = 1; lastKnownFileType = text.xcconfig; name = "Pods-Sleek.debug.xcconfig"; path = "Pods/Target Support Files/Pods-Sleek/Pods-Sleek.debug.xcconfig"; sourceTree = "<group>"; };
		9FE3A14922BED003008B5998 /* AddChannelVC.swift */ = {isa = PBXFileReference; lastKnownFileType = sourcecode.swift; path = AddChannelVC.swift; sourceTree = "<group>"; };
		9FE3A14A22BED003008B5998 /* AddChannelVC.xib */ = {isa = PBXFileReference; lastKnownFileType = file.xib; path = AddChannelVC.xib; sourceTree = "<group>"; };
		9FE3A14D22C18907008B5998 /* SocketServices.swift */ = {isa = PBXFileReference; lastKnownFileType = sourcecode.swift; path = SocketServices.swift; sourceTree = "<group>"; };
		9FF188D02322DC5B006BC73C /* Message.swift */ = {isa = PBXFileReference; lastKnownFileType = sourcecode.swift; path = Message.swift; sourceTree = "<group>"; };
		9FF188D22323186B006BC73C /* Assets.xcassets */ = {isa = PBXFileReference; lastKnownFileType = folder.assetcatalog; path = Assets.xcassets; sourceTree = "<group>"; };
		9FF188D423231D7E006BC73C /* KeyboardBoundView.swift */ = {isa = PBXFileReference; fileEncoding = 4; lastKnownFileType = sourcecode.swift; path = KeyboardBoundView.swift; sourceTree = "<group>"; };
		A8F94C40C59EA88B947D1B8A /* Pods-Sleek.release.xcconfig */ = {isa = PBXFileReference; includeInIndex = 1; lastKnownFileType = text.xcconfig; name = "Pods-Sleek.release.xcconfig"; path = "Pods/Target Support Files/Pods-Sleek/Pods-Sleek.release.xcconfig"; sourceTree = "<group>"; };
		CA04242D2256221F0011298B /* ProfileVC.swift */ = {isa = PBXFileReference; lastKnownFileType = sourcecode.swift; path = ProfileVC.swift; sourceTree = "<group>"; };
		CA04242E2256221F0011298B /* ProfileVC.xib */ = {isa = PBXFileReference; lastKnownFileType = file.xib; path = ProfileVC.xib; sourceTree = "<group>"; };
		CA57BCEC22851E800053D6A9 /* Channel.swift */ = {isa = PBXFileReference; lastKnownFileType = sourcecode.swift; path = Channel.swift; sourceTree = "<group>"; };
		CA57BCEE2285208C0053D6A9 /* MsgServices.swift */ = {isa = PBXFileReference; lastKnownFileType = sourcecode.swift; path = MsgServices.swift; sourceTree = "<group>"; };
/* End PBXFileReference section */

/* Begin PBXFrameworksBuildPhase section */
		4554F12A221572BD0042AEE7 /* Frameworks */ = {
			isa = PBXFrameworksBuildPhase;
			buildActionMask = 2147483647;
			files = (
				0FEB29D7B7C43D3A15F5C6AB /* Pods_Sleek.framework in Frameworks */,
			);
			runOnlyForDeploymentPostprocessing = 0;
		};
/* End PBXFrameworksBuildPhase section */

/* Begin PBXGroup section */
		165E18A8081CB6DA0B889683 /* Frameworks */ = {
			isa = PBXGroup;
			children = (
				4F2945BF84476A8B682003B1 /* Pods_Sleek.framework */,
			);
			name = Frameworks;
			sourceTree = "<group>";
		};
		18E5757A203A726F6A36AA70 /* Pods */ = {
			isa = PBXGroup;
			children = (
				9FC43CAB8E0737B63C3BB8BA /* Pods-Sleek.debug.xcconfig */,
				A8F94C40C59EA88B947D1B8A /* Pods-Sleek.release.xcconfig */,
			);
			name = Pods;
			sourceTree = "<group>";
		};
		45084DA8221703E400196D4B /* Supporting Files */ = {
			isa = PBXGroup;
			children = (
				45084DAB2217043300196D4B /* SWRevealViewController.h */,
				45084DAA2217043300196D4B /* SWRevealViewController.m */,
				45084DA92217043200196D4B /* Sleek-Bridging-Header.h */,
			);
			path = "Supporting Files";
			sourceTree = "<group>";
		};
		45084DAE2217237D00196D4B /* View */ = {
			isa = PBXGroup;
			children = (
				9FF188D423231D7E006BC73C /* KeyboardBoundView.swift */,
				4535C0EB2217FA0300DDC5EE /* BGGradient.swift */,
				45E88DD8222BD9B200EA230B /* AvatarCell.swift */,
				4567C7C32243D75D00C25603 /* RoundImg.swift */,
				2B109CE4228F876100E89AB5 /* ChannelCell.swift */,
			);
			path = View;
			sourceTree = "<group>";
		};
		45084DAF2217238800196D4B /* Controller */ = {
			isa = PBXGroup;
			children = (
				45084DB0221723F000196D4B /* ChatVC.swift */,
				45084DB22217249D00196D4B /* ChannelVC.swift */,
				4542E2D1221C04D8007A0FBB /* LoginVC.swift */,
				4542E2D3221C109D007A0FBB /* CreateAccountVC.swift */,
				45E88DD6222BC4A600EA230B /* AvatarPickerVC.swift */,
				CA04242D2256221F0011298B /* ProfileVC.swift */,
				9FE3A14922BED003008B5998 /* AddChannelVC.swift */,
			);
			path = Controller;
			sourceTree = "<group>";
		};
		4554F124221572BD0042AEE7 = {
			isa = PBXGroup;
			children = (
				4554F12F221572BD0042AEE7 /* Sleek */,
				4554F12E221572BD0042AEE7 /* Products */,
				18E5757A203A726F6A36AA70 /* Pods */,
				165E18A8081CB6DA0B889683 /* Frameworks */,
			);
			sourceTree = "<group>";
		};
		4554F12E221572BD0042AEE7 /* Products */ = {
			isa = PBXGroup;
			children = (
				4554F12D221572BD0042AEE7 /* Sleek.app */,
			);
			name = Products;
			sourceTree = "<group>";
		};
		4554F12F221572BD0042AEE7 /* Sleek */ = {
			isa = PBXGroup;
			children = (
				CA0424312256223E0011298B /* XIBFiles */,
				45D964C1222061D200F4B62A /* Services */,
				45B5BBB0221B7D7B007EA430 /* Utilities */,
				45084DAF2217238800196D4B /* Controller */,
				CA57BCEB22851E680053D6A9 /* Model */,
				45084DAE2217237D00196D4B /* View */,
				45084DA8221703E400196D4B /* Supporting Files */,
				4554F130221572BD0042AEE7 /* AppDelegate.swift */,
				4554F134221572BD0042AEE7 /* Main.storyboard */,
				4554F139221572BD0042AEE7 /* LaunchScreen.storyboard */,
				9FF188D22323186B006BC73C /* Assets.xcassets */,
				4554F13C221572BD0042AEE7 /* Info.plist */,
			);
			path = Sleek;
			sourceTree = "<group>";
		};
		45B5BBB0221B7D7B007EA430 /* Utilities */ = {
			isa = PBXGroup;
			children = (
				45B5BBB1221B7DA0007EA430 /* Contants.swift */,
			);
			path = Utilities;
			sourceTree = "<group>";
		};
		45D964C1222061D200F4B62A /* Services */ = {
			isa = PBXGroup;
			children = (
				45D964C22220622200F4B62A /* AuthService.swift */,
				454817D0222AA7BD006C200B /* UserDataServices.swift */,
				CA57BCEE2285208C0053D6A9 /* MsgServices.swift */,
				9FE3A14D22C18907008B5998 /* SocketServices.swift */,
			);
			path = Services;
			sourceTree = "<group>";
		};
		CA0424312256223E0011298B /* XIBFiles */ = {
			isa = PBXGroup;
			children = (
				CA04242E2256221F0011298B /* ProfileVC.xib */,
				9FE3A14A22BED003008B5998 /* AddChannelVC.xib */,
			);
			path = XIBFiles;
			sourceTree = "<group>";
		};
		CA57BCEB22851E680053D6A9 /* Model */ = {
			isa = PBXGroup;
			children = (
				CA57BCEC22851E800053D6A9 /* Channel.swift */,
				9FF188D02322DC5B006BC73C /* Message.swift */,
			);
			path = Model;
			sourceTree = "<group>";
		};
/* End PBXGroup section */

/* Begin PBXNativeTarget section */
		4554F12C221572BD0042AEE7 /* Sleek */ = {
			isa = PBXNativeTarget;
			buildConfigurationList = 4554F13F221572BD0042AEE7 /* Build configuration list for PBXNativeTarget "Sleek" */;
			buildPhases = (
				614A0051B383EFAA897F0577 /* [CP] Check Pods Manifest.lock */,
				4554F129221572BD0042AEE7 /* Sources */,
				4554F12A221572BD0042AEE7 /* Frameworks */,
				4554F12B221572BD0042AEE7 /* Resources */,
				98FAC4010CABBB9DADFDA810 /* [CP] Embed Pods Frameworks */,
			);
			buildRules = (
			);
			dependencies = (
			);
			name = Sleek;
			productName = Sleek;
			productReference = 4554F12D221572BD0042AEE7 /* Sleek.app */;
			productType = "com.apple.product-type.application";
		};
/* End PBXNativeTarget section */

/* Begin PBXProject section */
		4554F125221572BD0042AEE7 /* Project object */ = {
			isa = PBXProject;
			attributes = {
				LastSwiftUpdateCheck = 1010;
				LastUpgradeCheck = 1010;
				ORGANIZATIONNAME = "Pradhumna Pancholi";
				TargetAttributes = {
					4554F12C221572BD0042AEE7 = {
						CreatedOnToolsVersion = 10.1;
						LastSwiftMigration = 1010;
					};
				};
			};
			buildConfigurationList = 4554F128221572BD0042AEE7 /* Build configuration list for PBXProject "Sleek" */;
			compatibilityVersion = "Xcode 9.3";
			developmentRegion = en;
			hasScannedForEncodings = 0;
			knownRegions = (
				en,
				Base,
			);
			mainGroup = 4554F124221572BD0042AEE7;
			productRefGroup = 4554F12E221572BD0042AEE7 /* Products */;
			projectDirPath = "";
			projectRoot = "";
			targets = (
				4554F12C221572BD0042AEE7 /* Sleek */,
			);
		};
/* End PBXProject section */

/* Begin PBXResourcesBuildPhase section */
		4554F12B221572BD0042AEE7 /* Resources */ = {
			isa = PBXResourcesBuildPhase;
			buildActionMask = 2147483647;
			files = (
				9FE3A14C22BED003008B5998 /* AddChannelVC.xib in Resources */,
				4554F13B221572BD0042AEE7 /* LaunchScreen.storyboard in Resources */,
				CA0424302256221F0011298B /* ProfileVC.xib in Resources */,
				4554F136221572BD0042AEE7 /* Main.storyboard in Resources */,
				9FF188D32323186B006BC73C /* Assets.xcassets in Resources */,
			);
			runOnlyForDeploymentPostprocessing = 0;
		};
/* End PBXResourcesBuildPhase section */

/* Begin PBXShellScriptBuildPhase section */
		614A0051B383EFAA897F0577 /* [CP] Check Pods Manifest.lock */ = {
			isa = PBXShellScriptBuildPhase;
			buildActionMask = 2147483647;
			files = (
			);
			inputPaths = (
				"${PODS_PODFILE_DIR_PATH}/Podfile.lock",
				"${PODS_ROOT}/Manifest.lock",
			);
			name = "[CP] Check Pods Manifest.lock";
			outputPaths = (
				"$(DERIVED_FILE_DIR)/Pods-Sleek-checkManifestLockResult.txt",
			);
			runOnlyForDeploymentPostprocessing = 0;
			shellPath = /bin/sh;
			shellScript = "diff \"${PODS_PODFILE_DIR_PATH}/Podfile.lock\" \"${PODS_ROOT}/Manifest.lock\" > /dev/null\nif [ $? != 0 ] ; then\n    # print error to STDERR\n    echo \"error: The sandbox is not in sync with the Podfile.lock. Run 'pod install' or update your CocoaPods installation.\" >&2\n    exit 1\nfi\n# This output is used by Xcode 'outputs' to avoid re-running this script phase.\necho \"SUCCESS\" > \"${SCRIPT_OUTPUT_FILE_0}\"\n";
			showEnvVarsInLog = 0;
		};
		98FAC4010CABBB9DADFDA810 /* [CP] Embed Pods Frameworks */ = {
			isa = PBXShellScriptBuildPhase;
			buildActionMask = 2147483647;
			files = (
			);
			inputPaths = (
				"${SRCROOT}/Pods/Target Support Files/Pods-Sleek/Pods-Sleek-frameworks.sh",
				"${BUILT_PRODUCTS_DIR}/Alamofire/Alamofire.framework",
				"${BUILT_PRODUCTS_DIR}/Socket.IO-Client-Swift/SocketIO.framework",
				"${BUILT_PRODUCTS_DIR}/Starscream/Starscream.framework",
				"${BUILT_PRODUCTS_DIR}/SwiftyJSON/SwiftyJSON.framework",
			);
			name = "[CP] Embed Pods Frameworks";
			outputPaths = (
				"${TARGET_BUILD_DIR}/${FRAMEWORKS_FOLDER_PATH}/Alamofire.framework",
				"${TARGET_BUILD_DIR}/${FRAMEWORKS_FOLDER_PATH}/SocketIO.framework",
				"${TARGET_BUILD_DIR}/${FRAMEWORKS_FOLDER_PATH}/Starscream.framework",
				"${TARGET_BUILD_DIR}/${FRAMEWORKS_FOLDER_PATH}/SwiftyJSON.framework",
			);
			runOnlyForDeploymentPostprocessing = 0;
			shellPath = /bin/sh;
			shellScript = "\"${SRCROOT}/Pods/Target Support Files/Pods-Sleek/Pods-Sleek-frameworks.sh\"\n";
			showEnvVarsInLog = 0;
		};
/* End PBXShellScriptBuildPhase section */

/* Begin PBXSourcesBuildPhase section */
		4554F129221572BD0042AEE7 /* Sources */ = {
			isa = PBXSourcesBuildPhase;
			buildActionMask = 2147483647;
			files = (
				45084DB32217249D00196D4B /* ChannelVC.swift in Sources */,
				CA57BCED22851E800053D6A9 /* Channel.swift in Sources */,
				45084DB1221723F000196D4B /* ChatVC.swift in Sources */,
				45E88DD7222BC4A600EA230B /* AvatarPickerVC.swift in Sources */,
				45E88DD9222BD9B200EA230B /* AvatarCell.swift in Sources */,
				9FE3A14E22C18908008B5998 /* SocketServices.swift in Sources */,
				4542E2D4221C109D007A0FBB /* CreateAccountVC.swift in Sources */,
				4542E2D2221C04D8007A0FBB /* LoginVC.swift in Sources */,
				CA57BCEF2285208C0053D6A9 /* MsgServices.swift in Sources */,
				454817D1222AA7BD006C200B /* UserDataServices.swift in Sources */,
				4554F131221572BD0042AEE7 /* AppDelegate.swift in Sources */,
				4567C7C42243D75D00C25603 /* RoundImg.swift in Sources */,
				45084DAC2217043300196D4B /* SWRevealViewController.m in Sources */,
				9FE3A14B22BED003008B5998 /* AddChannelVC.swift in Sources */,
				2B109CE5228F876100E89AB5 /* ChannelCell.swift in Sources */,
				45D964C32220622200F4B62A /* AuthService.swift in Sources */,
				4535C0EC2217FA0300DDC5EE /* BGGradient.swift in Sources */,
				9FF188D523231D7E006BC73C /* KeyboardBoundView.swift in Sources */,
				9FF188D12322DC5B006BC73C /* Message.swift in Sources */,
				45B5BBB2221B7DA0007EA430 /* Contants.swift in Sources */,
				CA04242F2256221F0011298B /* ProfileVC.swift in Sources */,
			);
			runOnlyForDeploymentPostprocessing = 0;
		};
/* End PBXSourcesBuildPhase section */

/* Begin PBXVariantGroup section */
		4554F134221572BD0042AEE7 /* Main.storyboard */ = {
			isa = PBXVariantGroup;
			children = (
				4554F135221572BD0042AEE7 /* Base */,
			);
			name = Main.storyboard;
			sourceTree = "<group>";
		};
		4554F139221572BD0042AEE7 /* LaunchScreen.storyboard */ = {
			isa = PBXVariantGroup;
			children = (
				4554F13A221572BD0042AEE7 /* Base */,
			);
			name = LaunchScreen.storyboard;
			sourceTree = "<group>";
		};
/* End PBXVariantGroup section */

/* Begin XCBuildConfiguration section */
		4554F13D221572BD0042AEE7 /* Debug */ = {
			isa = XCBuildConfiguration;
			buildSettings = {
				ALWAYS_SEARCH_USER_PATHS = NO;
				CLANG_ANALYZER_NONNULL = YES;
				CLANG_ANALYZER_NUMBER_OBJECT_CONVERSION = YES_AGGRESSIVE;
				CLANG_CXX_LANGUAGE_STANDARD = "gnu++14";
				CLANG_CXX_LIBRARY = "libc++";
				CLANG_ENABLE_MODULES = YES;
				CLANG_ENABLE_OBJC_ARC = YES;
				CLANG_ENABLE_OBJC_WEAK = YES;
				CLANG_WARN_BLOCK_CAPTURE_AUTORELEASING = YES;
				CLANG_WARN_BOOL_CONVERSION = YES;
				CLANG_WARN_COMMA = YES;
				CLANG_WARN_CONSTANT_CONVERSION = YES;
				CLANG_WARN_DEPRECATED_OBJC_IMPLEMENTATIONS = YES;
				CLANG_WARN_DIRECT_OBJC_ISA_USAGE = YES_ERROR;
				CLANG_WARN_DOCUMENTATION_COMMENTS = YES;
				CLANG_WARN_EMPTY_BODY = YES;
				CLANG_WARN_ENUM_CONVERSION = YES;
				CLANG_WARN_INFINITE_RECURSION = YES;
				CLANG_WARN_INT_CONVERSION = YES;
				CLANG_WARN_NON_LITERAL_NULL_CONVERSION = YES;
				CLANG_WARN_OBJC_IMPLICIT_RETAIN_SELF = YES;
				CLANG_WARN_OBJC_LITERAL_CONVERSION = YES;
				CLANG_WARN_OBJC_ROOT_CLASS = YES_ERROR;
				CLANG_WARN_RANGE_LOOP_ANALYSIS = YES;
				CLANG_WARN_STRICT_PROTOTYPES = YES;
				CLANG_WARN_SUSPICIOUS_MOVE = YES;
				CLANG_WARN_UNGUARDED_AVAILABILITY = YES_AGGRESSIVE;
				CLANG_WARN_UNREACHABLE_CODE = YES;
				CLANG_WARN__DUPLICATE_METHOD_MATCH = YES;
				CODE_SIGN_IDENTITY = "iPhone Developer";
				COPY_PHASE_STRIP = NO;
				DEBUG_INFORMATION_FORMAT = dwarf;
				ENABLE_STRICT_OBJC_MSGSEND = YES;
				ENABLE_TESTABILITY = YES;
				GCC_C_LANGUAGE_STANDARD = gnu11;
				GCC_DYNAMIC_NO_PIC = NO;
				GCC_NO_COMMON_BLOCKS = YES;
				GCC_OPTIMIZATION_LEVEL = 0;
				GCC_PREPROCESSOR_DEFINITIONS = (
					"DEBUG=1",
					"$(inherited)",
				);
				GCC_WARN_64_TO_32_BIT_CONVERSION = YES;
				GCC_WARN_ABOUT_RETURN_TYPE = YES_ERROR;
				GCC_WARN_UNDECLARED_SELECTOR = YES;
				GCC_WARN_UNINITIALIZED_AUTOS = YES_AGGRESSIVE;
				GCC_WARN_UNUSED_FUNCTION = YES;
				GCC_WARN_UNUSED_VARIABLE = YES;
				IPHONEOS_DEPLOYMENT_TARGET = 12.1;
				MTL_ENABLE_DEBUG_INFO = INCLUDE_SOURCE;
				MTL_FAST_MATH = YES;
				ONLY_ACTIVE_ARCH = YES;
				SDKROOT = iphoneos;
				SWIFT_ACTIVE_COMPILATION_CONDITIONS = DEBUG;
				SWIFT_OPTIMIZATION_LEVEL = "-Onone";
			};
			name = Debug;
		};
		4554F13E221572BD0042AEE7 /* Release */ = {
			isa = XCBuildConfiguration;
			buildSettings = {
				ALWAYS_SEARCH_USER_PATHS = NO;
				CLANG_ANALYZER_NONNULL = YES;
				CLANG_ANALYZER_NUMBER_OBJECT_CONVERSION = YES_AGGRESSIVE;
				CLANG_CXX_LANGUAGE_STANDARD = "gnu++14";
				CLANG_CXX_LIBRARY = "libc++";
				CLANG_ENABLE_MODULES = YES;
				CLANG_ENABLE_OBJC_ARC = YES;
				CLANG_ENABLE_OBJC_WEAK = YES;
				CLANG_WARN_BLOCK_CAPTURE_AUTORELEASING = YES;
				CLANG_WARN_BOOL_CONVERSION = YES;
				CLANG_WARN_COMMA = YES;
				CLANG_WARN_CONSTANT_CONVERSION = YES;
				CLANG_WARN_DEPRECATED_OBJC_IMPLEMENTATIONS = YES;
				CLANG_WARN_DIRECT_OBJC_ISA_USAGE = YES_ERROR;
				CLANG_WARN_DOCUMENTATION_COMMENTS = YES;
				CLANG_WARN_EMPTY_BODY = YES;
				CLANG_WARN_ENUM_CONVERSION = YES;
				CLANG_WARN_INFINITE_RECURSION = YES;
				CLANG_WARN_INT_CONVERSION = YES;
				CLANG_WARN_NON_LITERAL_NULL_CONVERSION = YES;
				CLANG_WARN_OBJC_IMPLICIT_RETAIN_SELF = YES;
				CLANG_WARN_OBJC_LITERAL_CONVERSION = YES;
				CLANG_WARN_OBJC_ROOT_CLASS = YES_ERROR;
				CLANG_WARN_RANGE_LOOP_ANALYSIS = YES;
				CLANG_WARN_STRICT_PROTOTYPES = YES;
				CLANG_WARN_SUSPICIOUS_MOVE = YES;
				CLANG_WARN_UNGUARDED_AVAILABILITY = YES_AGGRESSIVE;
				CLANG_WARN_UNREACHABLE_CODE = YES;
				CLANG_WARN__DUPLICATE_METHOD_MATCH = YES;
				CODE_SIGN_IDENTITY = "iPhone Developer";
				COPY_PHASE_STRIP = NO;
				DEBUG_INFORMATION_FORMAT = "dwarf-with-dsym";
				ENABLE_NS_ASSERTIONS = NO;
				ENABLE_STRICT_OBJC_MSGSEND = YES;
				GCC_C_LANGUAGE_STANDARD = gnu11;
				GCC_NO_COMMON_BLOCKS = YES;
				GCC_WARN_64_TO_32_BIT_CONVERSION = YES;
				GCC_WARN_ABOUT_RETURN_TYPE = YES_ERROR;
				GCC_WARN_UNDECLARED_SELECTOR = YES;
				GCC_WARN_UNINITIALIZED_AUTOS = YES_AGGRESSIVE;
				GCC_WARN_UNUSED_FUNCTION = YES;
				GCC_WARN_UNUSED_VARIABLE = YES;
				IPHONEOS_DEPLOYMENT_TARGET = 12.1;
				MTL_ENABLE_DEBUG_INFO = NO;
				MTL_FAST_MATH = YES;
				SDKROOT = iphoneos;
				SWIFT_COMPILATION_MODE = wholemodule;
				SWIFT_OPTIMIZATION_LEVEL = "-O";
				VALIDATE_PRODUCT = YES;
			};
			name = Release;
		};
		4554F140221572BD0042AEE7 /* Debug */ = {
			isa = XCBuildConfiguration;
			baseConfigurationReference = 9FC43CAB8E0737B63C3BB8BA /* Pods-Sleek.debug.xcconfig */;
			buildSettings = {
				ASSETCATALOG_COMPILER_APPICON_NAME = AppIcon;
				CLANG_ENABLE_MODULES = YES;
				CODE_SIGN_STYLE = Automatic;
				DEVELOPMENT_TEAM = 635ZBQC2GJ;
				INFOPLIST_FILE = Sleek/Info.plist;
				LD_RUNPATH_SEARCH_PATHS = (
					"$(inherited)",
					"@executable_path/Frameworks",
				);
				PRODUCT_BUNDLE_IDENTIFIER = pnp.Sleek;
				PRODUCT_NAME = "$(TARGET_NAME)";
				SWIFT_OBJC_BRIDGING_HEADER = "Sleek/Supporting Files/Sleek-Bridging-Header.h";
				SWIFT_OPTIMIZATION_LEVEL = "-Onone";
				SWIFT_VERSION = 4.0;
				TARGETED_DEVICE_FAMILY = "1,2";
			};
			name = Debug;
		};
		4554F141221572BD0042AEE7 /* Release */ = {
			isa = XCBuildConfiguration;
			baseConfigurationReference = A8F94C40C59EA88B947D1B8A /* Pods-Sleek.release.xcconfig */;
			buildSettings = {
				ASSETCATALOG_COMPILER_APPICON_NAME = AppIcon;
				CLANG_ENABLE_MODULES = YES;
				CODE_SIGN_STYLE = Automatic;
				DEVELOPMENT_TEAM = 635ZBQC2GJ;
				INFOPLIST_FILE = Sleek/Info.plist;
				LD_RUNPATH_SEARCH_PATHS = (
					"$(inherited)",
					"@executable_path/Frameworks",
				);
				PRODUCT_BUNDLE_IDENTIFIER = pnp.Sleek;
				PRODUCT_NAME = "$(TARGET_NAME)";
				SWIFT_OBJC_BRIDGING_HEADER = "Sleek/Supporting Files/Sleek-Bridging-Header.h";
				SWIFT_VERSION = 4.0;
				TARGETED_DEVICE_FAMILY = "1,2";
			};
			name = Release;
		};
/* End XCBuildConfiguration section */

/* Begin XCConfigurationList section */
		4554F128221572BD0042AEE7 /* Build configuration list for PBXProject "Sleek" */ = {
			isa = XCConfigurationList;
			buildConfigurations = (
				4554F13D221572BD0042AEE7 /* Debug */,
				4554F13E221572BD0042AEE7 /* Release */,
			);
			defaultConfigurationIsVisible = 0;
			defaultConfigurationName = Release;
		};
		4554F13F221572BD0042AEE7 /* Build configuration list for PBXNativeTarget "Sleek" */ = {
			isa = XCConfigurationList;
			buildConfigurations = (
				4554F140221572BD0042AEE7 /* Debug */,
				4554F141221572BD0042AEE7 /* Release */,
			);
			defaultConfigurationIsVisible = 0;
			defaultConfigurationName = Release;
		};
/* End XCConfigurationList section */
	};
	rootObject = 4554F125221572BD0042AEE7 /* Project object */;
}
